{
  "nodes": {
    "nix-claude-code": {
      "inputs": {
        "nixpkgs": [
          "nixpkgs"
        ]
      },
      "locked": {
        "lastModified": 1791227070,
        "narHash": "sha256-U1LZlMF1IxBLuEQpOxISZbOwlHyDkYeWvIPyrUExIEA=",
        "owner": "ryoppippi",
        "repo": "nix-claude-code",
        "rev": "a5da7ba2da62c47055c86189f2e7ff9b335fa41e",
        "type": "github"
      },
      "original": {
        "owner": "ryoppippi",
        "repo": "nix-claude-code",
        "type": "github"
      }
    },
    "nixpkgs": {
      "locked": {
        "lastModified": 1790635395,
        "narHash": "sha256-bNyvoIyOCu7lzoCpWKWGIsHpTtERUWzqYWFPlN++WTw=",
        "owner": "NixOS",
        "repo": "nixpkgs",
        "rev": "7fc6f2c20af09cdcaf48b92ec3121860139ec668",
        "type": "github"
      },
      "original": {
        "owner": "NixOS",
        "ref": "nixos-26.05",
        "repo": "nixpkgs",
        "type": "github"
      }
    },
    "root": {
      "inputs": {
        "nix-claude-code": "nix-claude-code",
        "nixpkgs": "nixpkgs"
      }
    }
  },
  "root": "root",
  "version": 7
}
